Microsoft Visual Studio Solution File, Format Version 12.00
# Visual Studio Version 17
VisualStudioVersion = 17.0.31903.59
MinimumVisualStudioVersion = 10.0.40219.1
Project("{2150E333-8FDC-42A3-9474-1A3956D46DE8}") = "src", "src", "{SRC_FOLDER_GUID}"
EndProject
Project("{2150E333-8FDC-42A3-9474-1A3956D46DE8}") = "tests", "tests", "{TESTS_FOLDER_GUID}"
EndProject
Project("{FAE04EC0-301F-11D3-BF4B-00C04F79EFBC}") = "AirTransmissionConsole", "src\AirTransmissionConsole\AirTransmissionConsole.csproj", "{CONSOLE_GUID}"
EndProject
Project("{FAE04EC0-301F-11D3-BF4B-00C04F79EFBC}") = "AirTransmission", "src\AirTransmission\AirTransmission.csproj", "{LIB_GUID}"
EndProject
Project("{FAE04EC0-301F-11D3-BF4B-00C04F79EFBC}") = "AirTransmission.Tests", "tests\AirTransmission.Tests\AirTransmission.Tests.csproj", "{TESTS_GUID}"
EndProject
Global
	GlobalSection(SolutionConfigurationPlatforms) = preSolution
		Debug|Any CPU = Debug|Any CPU
		Release|Any CPU = Release|Any CPU
	EndGlobalSection
	GlobalSection(ProjectConfigurationPlatforms) = postSolution
		{CONSOLE_GUID}.Debug|Any CPU.ActiveCfg = Debug|Any CPU
		{CONSOLE_GUID}.Debug|Any CPU.Build.0 = Debug|Any CPU
		{CONSOLE_GUID}.Release|Any CPU.ActiveCfg = Release|Any CPU
		{CONSOLE_GUID}.Release|Any CPU.Build.0 = Release|Any CPU
		{LIB_GUID}.Debug|Any CPU.ActiveCfg = Debug|Any CPU
		{LIB_GUID}.Debug|Any CPU.Build.0 = Debug|Any CPU
		{LIB_GUID}.Release|Any CPU.ActiveCfg = Release|Any CPU
		{LIB_GUID}.Release|Any CPU.Build.0 = Release|Any CPU
		{TESTS_GUID}.Debug|Any CPU.ActiveCfg = Debug|Any CPU
		{TESTS_GUID}.Debug|Any CPU.Build.0 = Debug|Any CPU
		{TESTS_GUID}.Release|Any CPU.ActiveCfg = Release|Any CPU
		{TESTS_GUID}.Release|Any CPU.Build.0 = Release|Any CPU
	EndGlobalSection
	GlobalSection(NestedProjects) = preSolution
		{CONSOLE_GUID} = {SRC_FOLDER_GUID}
		{LIB_GUID} = {SRC_FOLDER_GUID}
		{TESTS_GUID} = {TESTS_FOLDER_GUID}
	EndGlobalSection
EndGlobal
